<?xml version="1.0" encoding="utf-8"?>
<Project ToolsVersion="4.0" xmlns="http://schemas.microsoft.com/developer/msbuild/2003">
   <ItemGroup>
      <Filter Include="Source Files">
         <UniqueIdentifier>{f963ca36-717b-4427-9f0b-a19f10707fa4}</UniqueIdentifier>
         <Extensions>cpp;c;cxx;rc;def;r;odl;idl;hpj;bat;cc</Extensions>
      </Filter>
      <Filter Include="Source Files\lib">
         <UniqueIdentifier>{c8fc44c8-ac45-4d7c-b298-0d90601835a5}</UniqueIdentifier>
      </Filter>
   </ItemGroup>
  <ItemGroup>
    <ResourceCompile Include="Torque.rc">
      <Filter>Source Files</Filter>
    </ResourceCompile>
  </ItemGroup>
   <ItemGroup>
      <ClCompile Include="..\..\..\..\..\Engine\lib\lungif\dgif_lib.c">
         <Filter>Source Files\lib</Filter>
      </ClCompile>
      <ClCompile Include="..\..\..\..\..\Engine\lib\lungif\gifalloc.c">
         <Filter>Source Files\lib</Filter>
      </ClCompile>
      <ClCompile Include="..\..\..\..\..\Engine\lib\lungif\gif_err.c">
         <Filter>Source Files\lib</Filter>
      </ClCompile>
   </ItemGroup>
   <ItemGroup>
      <ClInclude Include="..\..\..\..\..\Engine\lib\lungif\gif_lib.h">
         <Filter>Source Files\lib</Filter>
      </ClInclude>
      <ClInclude Include="..\..\..\..\..\Engine\lib\lungif\gif_lib_private.h">
         <Filter>Source Files\lib</Filter>
      </ClInclude>
   </ItemGroup>
   <ItemGroup>
   </ItemGroup>
</Project>